
Microsoft Visual Studio Solution File, Format Version 12.00
# Visual Studio Version 16
VisualStudioVersion = 16.0.29403.142
MinimumVisualStudioVersion = 10.0.40219.1
Project("{FAE04EC0-301F-11D3-BF4B-00C04F79EFBC}") = "Dotnetore2.0AuthServer", "Dotnetore2.0AuthServer\Dotnetore2.0AuthServer.csproj", "{0A46C29F-DB85-49B5-836D-FF73328E2C9D}"
EndProject
Project("{FAE04EC0-301F-11D3-BF4B-00C04F79EFBC}") = "DotnetCore2.0ResourceServer", "DotnetCore2.0ResourceServer\DotnetCore2.0ResourceServer.csproj", "{32544819-B455-470F-A949-10612048FFDC}"
EndProject
Project("{FAE04EC0-301F-11D3-BF4B-00C04F79EFBC}") = "DotnetCore2.0.Infrastrucutre", "DotnetCore2.0.Infrastrucutre\DotnetCore2.0.Infrastrucutre.csproj", "{C7A52673-AFAF-4319-BF6E-1517781A3CDF}"
EndProject
Global
	GlobalSection(SolutionConfigurationPlatforms) = preSolution
		Debug|Any CPU = Debug|Any CPU
		Release|Any CPU = Release|Any CPU
	EndGlobalSection
	GlobalSection(ProjectConfigurationPlatforms) = postSolution
		{0A46C29F-DB85-49B5-836D-FF73328E2C9D}.Debug|Any CPU.ActiveCfg = Debug|Any CPU
		{0A46C29F-DB85-49B5-836D-FF73328E2C9D}.Debug|Any CPU.Build.0 = Debug|Any CPU
		{0A46C29F-DB85-49B5-836D-FF73328E2C9D}.Release|Any CPU.ActiveCfg = Release|Any CPU
		{0A46C29F-DB85-49B5-836D-FF73328E2C9D}.Release|Any CPU.Build.0 = Release|Any CPU
		{32544819-B455-470F-A949-10612048FFDC}.Debug|Any CPU.ActiveCfg = Debug|Any CPU
		{32544819-B455-470F-A949-10612048FFDC}.Debug|Any CPU.Build.0 = Debug|Any CPU
		{32544819-B455-470F-A949-10612048FFDC}.Release|Any CPU.ActiveCfg = Release|Any CPU
		{32544819-B455-470F-A949-10612048FFDC}.Release|Any CPU.Build.0 = Release|Any CPU
		{C7A52673-AFAF-4319-BF6E-1517781A3CDF}.Debug|Any CPU.ActiveCfg = Debug|Any CPU
		{C7A52673-AFAF-4319-BF6E-1517781A3CDF}.Debug|Any CPU.Build.0 = Debug|Any CPU
		{C7A52673-AFAF-4319-BF6E-1517781A3CDF}.Release|Any CPU.ActiveCfg = Release|Any CPU
		{C7A52673-AFAF-4319-BF6E-1517781A3CDF}.Release|Any CPU.Build.0 = Release|Any CPU
	EndGlobalSection
	GlobalSection(SolutionProperties) = preSolution
		HideSolutionNode = FALSE
	EndGlobalSection
	GlobalSection(ExtensibilityGlobals) = postSolution
		SolutionGuid = {1EF75A36-A8C3-450D-9EE8-CB1063EA5172}
	EndGlobalSection
EndGlobal
